
Microsoft Visual Studio Solution File, Format Version 11.00
# Visual Studio 2010
Project("{FAE04EC0-301F-11D3-BF4B-00C04F79EFBC}") = "PayrollExport", "PayrollExport\PayrollExport.csproj", "{245FF979-0057-4F56-9308-65515E8EC3CD}"
EndProject
Global
	GlobalSection(SolutionConfigurationPlatforms) = preSolution
		Debug|x86 = Debug|x86
		Release|x86 = Release|x86
	EndGlobalSection
	GlobalSection(ProjectConfigurationPlatforms) = postSolution
		{245FF979-0057-4F56-9308-65515E8EC3CD}.Debug|x86.ActiveCfg = Debug|x86
		{245FF979-0057-4F56-9308-65515E8EC3CD}.Debug|x86.Build.0 = Debug|x86
		{245FF979-0057-4F56-9308-65515E8EC3CD}.Release|x86.ActiveCfg = Release|x86
		{245FF979-0057-4F56-9308-65515E8EC3CD}.Release|x86.Build.0 = Release|x86
	EndGlobalSection
	GlobalSection(SolutionProperties) = preSolution
		HideSolutionNode = FALSE
	EndGlobalSection
EndGlobal
